
Microsoft Visual Studio Solution File, Format Version 12.00
# Visual Studio Version 17
VisualStudioVersion = 17.14.36811.4
MinimumVisualStudioVersion = 10.0.40219.1
Project("{FAE04EC0-301F-11D3-BF4B-00C04F79EFBC}") = "UseCaseTemplateWizard", "CustomTemplates\UseCaseTemplateWizard.csproj", "{394D863E-37DC-46C6-A709-B028999D30A0}"
EndProject
Project("{FAE04EC0-301F-11D3-BF4B-00C04F79EFBC}") = "UseCaseItemTemplate", "UseCaseItemTemplate\UseCaseItemTemplate.csproj", "{31C465FE-EBA6-4A8E-982C-FD107520908B}"
EndProject
Project("{FAE04EC0-301F-11D3-BF4B-00C04F79EFBC}") = "UseCaseItemWizard", "UseCaseItemWizard\UseCaseItemWizard.csproj", "{28F5A1ED-546E-4668-9673-9404EFF7DBAF}"
EndProject
Project("{FAE04EC0-301F-11D3-BF4B-00C04F79EFBC}") = "BuildRelease", "BuildRelease\BuildRelease.csproj", "{CB4C7559-D011-4791-8CED-6C77625BE159}"
EndProject
Global
	GlobalSection(SolutionConfigurationPlatforms) = preSolution
		Debug|Any CPU = Debug|Any CPU
		Debug|arm64 = Debug|arm64
		Debug|x86 = Debug|x86
		Release|Any CPU = Release|Any CPU
		Release|arm64 = Release|arm64
		Release|x86 = Release|x86
	EndGlobalSection
	GlobalSection(ProjectConfigurationPlatforms) = postSolution
		{394D863E-37DC-46C6-A709-B028999D30A0}.Debug|Any CPU.ActiveCfg = Debug|Any CPU
		{394D863E-37DC-46C6-A709-B028999D30A0}.Debug|Any CPU.Build.0 = Debug|Any CPU
		{394D863E-37DC-46C6-A709-B028999D30A0}.Debug|arm64.ActiveCfg = Debug|arm64
		{394D863E-37DC-46C6-A709-B028999D30A0}.Debug|arm64.Build.0 = Debug|arm64
		{394D863E-37DC-46C6-A709-B028999D30A0}.Debug|x86.ActiveCfg = Debug|x86
		{394D863E-37DC-46C6-A709-B028999D30A0}.Debug|x86.Build.0 = Debug|x86
		{394D863E-37DC-46C6-A709-B028999D30A0}.Release|Any CPU.ActiveCfg = Release|Any CPU
		{394D863E-37DC-46C6-A709-B028999D30A0}.Release|Any CPU.Build.0 = Release|Any CPU
		{394D863E-37DC-46C6-A709-B028999D30A0}.Release|arm64.ActiveCfg = Release|arm64
		{394D863E-37DC-46C6-A709-B028999D30A0}.Release|arm64.Build.0 = Release|arm64
		{394D863E-37DC-46C6-A709-B028999D30A0}.Release|x86.ActiveCfg = Release|x86
		{394D863E-37DC-46C6-A709-B028999D30A0}.Release|x86.Build.0 = Release|x86
		{31C465FE-EBA6-4A8E-982C-FD107520908B}.Debug|Any CPU.ActiveCfg = Debug|Any CPU
		{31C465FE-EBA6-4A8E-982C-FD107520908B}.Debug|Any CPU.Build.0 = Debug|Any CPU
		{31C465FE-EBA6-4A8E-982C-FD107520908B}.Debug|arm64.ActiveCfg = Debug|arm64
		{31C465FE-EBA6-4A8E-982C-FD107520908B}.Debug|arm64.Build.0 = Debug|arm64
		{31C465FE-EBA6-4A8E-982C-FD107520908B}.Debug|x86.ActiveCfg = Debug|x86
		{31C465FE-EBA6-4A8E-982C-FD107520908B}.Debug|x86.Build.0 = Debug|x86
		{31C465FE-EBA6-4A8E-982C-FD107520908B}.Release|Any CPU.ActiveCfg = Release|Any CPU
		{31C465FE-EBA6-4A8E-982C-FD107520908B}.Release|Any CPU.Build.0 = Release|Any CPU
		{31C465FE-EBA6-4A8E-982C-FD107520908B}.Release|arm64.ActiveCfg = Release|arm64
		{31C465FE-EBA6-4A8E-982C-FD107520908B}.Release|arm64.Build.0 = Release|arm64
		{31C465FE-EBA6-4A8E-982C-FD107520908B}.Release|x86.ActiveCfg = Release|x86
		{31C465FE-EBA6-4A8E-982C-FD107520908B}.Release|x86.Build.0 = Release|x86
		{28F5A1ED-546E-4668-9673-9404EFF7DBAF}.Debug|Any CPU.ActiveCfg = Debug|Any CPU
		{28F5A1ED-546E-4668-9673-9404EFF7DBAF}.Debug|Any CPU.Build.0 = Debug|Any CPU
		{28F5A1ED-546E-4668-9673-9404EFF7DBAF}.Debug|arm64.ActiveCfg = Debug|Any CPU
		{28F5A1ED-546E-4668-9673-9404EFF7DBAF}.Debug|arm64.Build.0 = Debug|Any CPU
		{28F5A1ED-546E-4668-9673-9404EFF7DBAF}.Debug|x86.ActiveCfg = Debug|Any CPU
		{28F5A1ED-546E-4668-9673-9404EFF7DBAF}.Debug|x86.Build.0 = Debug|Any CPU
		{28F5A1ED-546E-4668-9673-9404EFF7DBAF}.Release|Any CPU.ActiveCfg = Release|Any CPU
		{28F5A1ED-546E-4668-9673-9404EFF7DBAF}.Release|Any CPU.Build.0 = Release|Any CPU
		{28F5A1ED-546E-4668-9673-9404EFF7DBAF}.Release|arm64.ActiveCfg = Release|Any CPU
		{28F5A1ED-546E-4668-9673-9404EFF7DBAF}.Release|arm64.Build.0 = Release|Any CPU
		{28F5A1ED-546E-4668-9673-9404EFF7DBAF}.Release|x86.ActiveCfg = Release|Any CPU
		{28F5A1ED-546E-4668-9673-9404EFF7DBAF}.Release|x86.Build.0 = Release|Any CPU
		{CB4C7559-D011-4791-8CED-6C77625BE159}.Debug|Any CPU.ActiveCfg = Debug|Any CPU
		{CB4C7559-D011-4791-8CED-6C77625BE159}.Debug|Any CPU.Build.0 = Debug|Any CPU
		{CB4C7559-D011-4791-8CED-6C77625BE159}.Debug|arm64.ActiveCfg = Debug|Any CPU
		{CB4C7559-D011-4791-8CED-6C77625BE159}.Debug|arm64.Build.0 = Debug|Any CPU
		{CB4C7559-D011-4791-8CED-6C77625BE159}.Debug|x86.ActiveCfg = Debug|Any CPU
		{CB4C7559-D011-4791-8CED-6C77625BE159}.Debug|x86.Build.0 = Debug|Any CPU
		{CB4C7559-D011-4791-8CED-6C77625BE159}.Release|Any CPU.ActiveCfg = Release|Any CPU
		{CB4C7559-D011-4791-8CED-6C77625BE159}.Release|Any CPU.Build.0 = Release|Any CPU
		{CB4C7559-D011-4791-8CED-6C77625BE159}.Release|arm64.ActiveCfg = Release|Any CPU
		{CB4C7559-D011-4791-8CED-6C77625BE159}.Release|arm64.Build.0 = Release|Any CPU
		{CB4C7559-D011-4791-8CED-6C77625BE159}.Release|x86.ActiveCfg = Release|Any CPU
		{CB4C7559-D011-4791-8CED-6C77625BE159}.Release|x86.Build.0 = Release|Any CPU
	EndGlobalSection
	GlobalSection(SolutionProperties) = preSolution
		HideSolutionNode = FALSE
	EndGlobalSection
	GlobalSection(ExtensibilityGlobals) = postSolution
		SolutionGuid = {25177C78-6FF2-47A7-8E88-33BC57F867FF}
	EndGlobalSection
EndGlobal
